// !$*UTF8*$!
{
	archiveVersion = 1;
	classes = {
	};
	objectVersion = 46;
	objects = {

/* Begin PBXBuildFile section */
		6B13E10818959AA7002E14BE /* ConfirmationViewController.m in Sources */ = {isa = PBXBuildFile; fileRef = 6B13E10718959AA7002E14BE /* ConfirmationViewController.m */; };
		6B13E10B1895C9F7002E14BE /* logo.png in Resources */ = {isa = PBXBuildFile; fileRef = 6B13E1091895C9F7002E14BE /* logo.png */; };
		6B13E10C1895C9F7002E14BE /* logo@2x.png in Resources */ = {isa = PBXBuildFile; fileRef = 6B13E10A1895C9F7002E14BE /* logo@2x.png */; };
		6BA30BEB18C20100008D0BD9 /* bouncingCircle.png in Resources */ = {isa = PBXBuildFile; fileRef = 6BA30BE918C20100008D0BD9 /* bouncingCircle.png */; };
		6BA30BEC18C20100008D0BD9 /* bouncingCircle@2x.png in Resources */ = {isa = PBXBuildFile; fileRef = 6BA30BEA18C20100008D0BD9 /* bouncingCircle@2x.png */; };
		6BA6135818AE471500B61A6E /* QuartzCore.framework in Frameworks */ = {isa = PBXBuildFile; fileRef = 6BA6135718AE471500B61A6E /* QuartzCore.framework */; };
		6BA6135E18AE7A4E00B61A6E /* settings.png in Resources */ = {isa = PBXBuildFile; fileRef = 6BA6135C18AE7A4E00B61A6E /* settings.png */; };
		6BA6135F18AE7A4E00B61A6E /* settings@2x.png in Resources */ = {isa = PBXBuildFile; fileRef = 6BA6135D18AE7A4E00B61A6E /* settings@2x.png */; };
		6BA6136218B3ED0F00B61A6E /* TaxiAnnotation.m in Sources */ = {isa = PBXBuildFile; fileRef = 6BA6136118B3ED0F00B61A6E /* TaxiAnnotation.m */; };
		6BA613B718BD0F4C00B61A6E /* taxiAnnotation.png in Resources */ = {isa = PBXBuildFile; fileRef = 6BA613B518BD0F4B00B61A6E /* taxiAnnotation.png */; };
		6BA613B818BD0F4C00B61A6E /* taxiAnnotation@2x.png in Resources */ = {isa = PBXBuildFile; fileRef = 6BA613B618BD0F4B00B61A6E /* taxiAnnotation@2x.png */; };
		6BA613BB18BD1BFA00B61A6E /* time.png in Resources */ = {isa = PBXBuildFile; fileRef = 6BA613B918BD1BFA00B61A6E /* time.png */; };
		6BA613BC18BD1BFA00B61A6E /* time@2x.png in Resources */ = {isa = PBXBuildFile; fileRef = 6BA613BA18BD1BFA00B61A6E /* time@2x.png */; };
		6BA613BF18BD720200B61A6E /* taxiAnnotation2.png in Resources */ = {isa = PBXBuildFile; fileRef = 6BA613BD18BD720200B61A6E /* taxiAnnotation2.png */; };
		6BA613C018BD720200B61A6E /* taxiAnnotation2@2x.png in Resources */ = {isa = PBXBuildFile; fileRef = 6BA613BE18BD720200B61A6E /* taxiAnnotation2@2x.png */; };
		6BA8930618C3D0C500CA099A /* SettingsCell.m in Sources */ = {isa = PBXBuildFile; fileRef = 6BA8930518C3D0C500CA099A /* SettingsCell.m */; };
		6BABDCB0187EF4ED00F15E8B /* callout.png in Resources */ = {isa = PBXBuildFile; fileRef = 6BABDCAE187EF4ED00F15E8B /* callout.png */; };
		6BABDCB1187EF4ED00F15E8B /* callout@2x.png in Resources */ = {isa = PBXBuildFile; fileRef = 6BABDCAF187EF4ED00F15E8B /* callout@2x.png */; };
		6BABF50C183A9EB900A6988B /* Foundation.framework in Frameworks */ = {isa = PBXBuildFile; fileRef = 6BABF50B183A9EB900A6988B /* Foundation.framework */; };
		6BABF50E183A9EB900A6988B /* CoreGraphics.framework in Frameworks */ = {isa = PBXBuildFile; fileRef = 6BABF50D183A9EB900A6988B /* CoreGraphics.framework */; };
		6BABF510183A9EB900A6988B /* UIKit.framework in Frameworks */ = {isa = PBXBuildFile; fileRef = 6BABF50F183A9EB900A6988B /* UIKit.framework */; };
		6BABF516183A9EB900A6988B /* InfoPlist.strings in Resources */ = {isa = PBXBuildFile; fileRef = 6BABF514183A9EB900A6988B /* InfoPlist.strings */; };
		6BABF518183A9EB900A6988B /* main.m in Sources */ = {isa = PBXBuildFile; fileRef = 6BABF517183A9EB900A6988B /* main.m */; };
		6BABF51C183A9EB900A6988B /* AppDelegate.m in Sources */ = {isa = PBXBuildFile; fileRef = 6BABF51B183A9EB900A6988B /* AppDelegate.m */; };
		6BABF51F183A9EB900A6988B /* Main.storyboard in Resources */ = {isa = PBXBuildFile; fileRef = 6BABF51D183A9EB900A6988B /* Main.storyboard */; };
		6BABF522183A9EB900A6988B /* ViewController.m in Sources */ = {isa = PBXBuildFile; fileRef = 6BABF521183A9EB900A6988B /* ViewController.m */; };
		6BABF524183A9EB900A6988B /* Images.xcassets in Resources */ = {isa = PBXBuildFile; fileRef = 6BABF523183A9EB900A6988B /* Images.xcassets */; };
		6BABF52B183A9EB900A6988B /* XCTest.framework in Frameworks */ = {isa = PBXBuildFile; fileRef = 6BABF52A183A9EB900A6988B /* XCTest.framework */; };
		6BABF52C183A9EB900A6988B /* Foundation.framework in Frameworks */ = {isa = PBXBuildFile; fileRef = 6BABF50B183A9EB900A6988B /* Foundation.framework */; };
		6BABF52D183A9EB900A6988B /* UIKit.framework in Frameworks */ = {isa = PBXBuildFile; fileRef = 6BABF50F183A9EB900A6988B /* UIKit.framework */; };
		6BABF535183A9EB900A6988B /* InfoPlist.strings in Resources */ = {isa = PBXBuildFile; fileRef = 6BABF533183A9EB900A6988B /* InfoPlist.strings */; };
		6BABF537183A9EB900A6988B /* MeetupTests.m in Sources */ = {isa = PBXBuildFile; fileRef = 6BABF536183A9EB900A6988B /* MeetupTests.m */; };
		6BABF541183AA2BD00A6988B /* MapKit.framework in Frameworks */ = {isa = PBXBuildFile; fileRef = 6BABF540183AA2BD00A6988B /* MapKit.framework */; };
		6BABF54A183AA7A500A6988B /* Profile.png in Resources */ = {isa = PBXBuildFile; fileRef = 6BABF548183AA7A500A6988B /* Profile.png */; };
		6BABF54B183AA7A500A6988B /* Profile@2x.png in Resources */ = {isa = PBXBuildFile; fileRef = 6BABF549183AA7A500A6988B /* Profile@2x.png */; };
		6BB2DD7F183ED30900BBA9A8 /* taxiGoteborg.png in Resources */ = {isa = PBXBuildFile; fileRef = 6BB2DD7D183ED30900BBA9A8 /* taxiGoteborg.png */; };
		6BB2DD80183ED30900BBA9A8 /* taxiGoteborg@2x.png in Resources */ = {isa = PBXBuildFile; fileRef = 6BB2DD7E183ED30900BBA9A8 /* taxiGoteborg@2x.png */; };
		6BB2DD86183EDA5400BBA9A8 /* taxiKurir.png in Resources */ = {isa = PBXBuildFile; fileRef = 6BB2DD84183EDA5400BBA9A8 /* taxiKurir.png */; };
		6BB2DD87183EDA5400BBA9A8 /* taxiKurir@2x.png in Resources */ = {isa = PBXBuildFile; fileRef = 6BB2DD85183EDA5400BBA9A8 /* taxiKurir@2x.png */; };
		6BB2DD8A1840226700BBA9A8 /* Vehicle.m in Sources */ = {isa = PBXBuildFile; fileRef = 6BB2DD891840226700BBA9A8 /* Vehicle.m */; };
		6BB2DD9B1848039000BBA9A8 /* Arrow.png in Resources */ = {isa = PBXBuildFile; fileRef = 6BB2DD991848039000BBA9A8 /* Arrow.png */; };
		6BB2DD9C1848039000BBA9A8 /* Arrow@2x.png in Resources */ = {isa = PBXBuildFile; fileRef = 6BB2DD9A1848039000BBA9A8 /* Arrow@2x.png */; };
		6BB2DDA2184D3D8100BBA9A8 /* taxiKurirNy.png in Resources */ = {isa = PBXBuildFile; fileRef = 6BB2DDA0184D3D8100BBA9A8 /* taxiKurirNy.png */; };
		6BB2DDA3184D3D8100BBA9A8 /* taxiKurirNy@2x.png in Resources */ = {isa = PBXBuildFile; fileRef = 6BB2DDA1184D3D8100BBA9A8 /* taxiKurirNy@2x.png */; };
		6BB2DDA6184D3FDC00BBA9A8 /* taxiGoteborgNy.png in Resources */ = {isa = PBXBuildFile; fileRef = 6BB2DDA4184D3FDC00BBA9A8 /* taxiGoteborgNy.png */; };
		6BB2DDA7184D3FDC00BBA9A8 /* taxiGoteborgNy@2x.png in Resources */ = {isa = PBXBuildFile; fileRef = 6BB2DDA5184D3FDC00BBA9A8 /* taxiGoteborgNy@2x.png */; };
		6BB2DDAD184F395100BBA9A8 /* SearchPickupViewController.m in Sources */ = {isa = PBXBuildFile; fileRef = 6BB2DDAC184F395100BBA9A8 /* SearchPickupViewController.m */; };
		6BBBF3F2186F1E2300569FC0 /* SearchDestinationViewController.m in Sources */ = {isa = PBXBuildFile; fileRef = 6BBBF3F1186F1E2300569FC0 /* SearchDestinationViewController.m */; };
		6BF15A5118C3811100183C52 /* SettingsViewController.m in Sources */ = {isa = PBXBuildFile; fileRef = 6BF15A5018C3811100183C52 /* SettingsViewController.m */; };
		6BF15A5418C3849900183C52 /* name.png in Resources */ = {isa = PBXBuildFile; fileRef = 6BF15A5218C3849900183C52 /* name.png */; };
		6BF15A5518C3849900183C52 /* name@2x.png in Resources */ = {isa = PBXBuildFile; fileRef = 6BF15A5318C3849900183C52 /* name@2x.png */; };
		6BF15A5818C3868400183C52 /* phone.png in Resources */ = {isa = PBXBuildFile; fileRef = 6BF15A5618C3868400183C52 /* phone.png */; };
		6BF15A5918C3868400183C52 /* phone@2x.png in Resources */ = {isa = PBXBuildFile; fileRef = 6BF15A5718C3868400183C52 /* phone@2x.png */; };
		E70D06E6A7B44D088C73B6E1 /* libPods.a in Frameworks */ = {isa = PBXBuildFile; fileRef = 9ACBD26CE1B64C9E9325F5DD /* libPods.a */; };
/* End PBXBuildFile section */

/* Begin PBXContainerItemProxy section */
		6BABF52E183A9EB900A6988B /* PBXContainerItemProxy */ = {
			isa = PBXContainerItemProxy;
			containerPortal = 6BABF500183A9EB900A6988B /* Project object */;
			proxyType = 1;
			remoteGlobalIDString = 6BABF507183A9EB900A6988B;
			remoteInfo = Meetup;
		};
/* End PBXContainerItemProxy section */

/* Begin PBXFileReference section */
		6B13E10618959AA7002E14BE /* ConfirmationViewController.h */ = {isa = PBXFileReference; fileEncoding = 4; lastKnownFileType = sourcecode.c.h; path = ConfirmationViewController.h; sourceTree = "<group>"; };
		6B13E10718959AA7002E14BE /* ConfirmationViewController.m */ = {isa = PBXFileReference; fileEncoding = 4; lastKnownFileType = sourcecode.c.objc; path = ConfirmationViewController.m; sourceTree = "<group>"; };
		6B13E1091895C9F7002E14BE /* logo.png */ = {isa = PBXFileReference; lastKnownFileType = image.png; name = logo.png; path = Graphics/logo.png; sourceTree = "<group>"; };
		6B13E10A1895C9F7002E14BE /* logo@2x.png */ = {isa = PBXFileReference; lastKnownFileType = image.png; name = "logo@2x.png"; path = "Graphics/logo@2x.png"; sourceTree = "<group>"; };
		6BA30BE918C20100008D0BD9 /* bouncingCircle.png */ = {isa = PBXFileReference; lastKnownFileType = image.png; name = bouncingCircle.png; path = Graphics/bouncingCircle.png; sourceTree = "<group>"; };
		6BA30BEA18C20100008D0BD9 /* bouncingCircle@2x.png */ = {isa = PBXFileReference; lastKnownFileType = image.png; name = "bouncingCircle@2x.png"; path = "Graphics/bouncingCircle@2x.png"; sourceTree = "<group>"; };
		6BA6135718AE471500B61A6E /* QuartzCore.framework */ = {isa = PBXFileReference; lastKnownFileType = wrapper.framework; name = QuartzCore.framework; path = System/Library/Frameworks/QuartzCore.framework; sourceTree = SDKROOT; };
		6BA6135C18AE7A4E00B61A6E /* settings.png */ = {isa = PBXFileReference; lastKnownFileType = image.png; name = settings.png; path = Graphics/settings.png; sourceTree = "<group>"; };
		6BA6135D18AE7A4E00B61A6E /* settings@2x.png */ = {isa = PBXFileReference; lastKnownFileType = image.png; name = "settings@2x.png"; path = "Graphics/settings@2x.png"; sourceTree = "<group>"; };
		6BA6136018B3ED0F00B61A6E /* TaxiAnnotation.h */ = {isa = PBXFileReference; fileEncoding = 4; lastKnownFileType = sourcecode.c.h; path = TaxiAnnotation.h; sourceTree = "<group>"; };
		6BA6136118B3ED0F00B61A6E /* TaxiAnnotation.m */ = {isa = PBXFileReference; fileEncoding = 4; lastKnownFileType = sourcecode.c.objc; path = TaxiAnnotation.m; sourceTree = "<group>"; };
		6BA613B518BD0F4B00B61A6E /* taxiAnnotation.png */ = {isa = PBXFileReference; lastKnownFileType = image.png; name = taxiAnnotation.png; path = Graphics/taxiAnnotation.png; sourceTree = "<group>"; };
		6BA613B618BD0F4B00B61A6E /* taxiAnnotation@2x.png */ = {isa = PBXFileReference; lastKnownFileType = image.png; name = "taxiAnnotation@2x.png"; path = "Graphics/taxiAnnotation@2x.png"; sourceTree = "<group>"; };
		6BA613B918BD1BFA00B61A6E /* time.png */ = {isa = PBXFileReference; lastKnownFileType = image.png; name = time.png; path = Graphics/time.png; sourceTree = "<group>"; };
		6BA613BA18BD1BFA00B61A6E /* time@2x.png */ = {isa = PBXFileReference; lastKnownFileType = image.png; name = "time@2x.png"; path = "Graphics/time@2x.png"; sourceTree = "<group>"; };
		6BA613BD18BD720200B61A6E /* taxiAnnotation2.png */ = {isa = PBXFileReference; lastKnownFileType = image.png; name = taxiAnnotation2.png; path = Graphics/taxiAnnotation2.png; sourceTree = "<group>"; };
		6BA613BE18BD720200B61A6E /* taxiAnnotation2@2x.png */ = {isa = PBXFileReference; lastKnownFileType = image.png; name = "taxiAnnotation2@2x.png"; path = "Graphics/taxiAnnotation2@2x.png"; sourceTree = "<group>"; };
		6BA8930418C3D0C500CA099A /* SettingsCell.h */ = {isa = PBXFileReference; fileEncoding = 4; lastKnownFileType = sourcecode.c.h; path = SettingsCell.h; sourceTree = "<group>"; };
		6BA8930518C3D0C500CA099A /* SettingsCell.m */ = {isa = PBXFileReference; fileEncoding = 4; lastKnownFileType = sourcecode.c.objc; path = SettingsCell.m; sourceTree = "<group>"; };
		6BABDCAE187EF4ED00F15E8B /* callout.png */ = {isa = PBXFileReference; lastKnownFileType = image.png; name = callout.png; path = Graphics/callout.png; sourceTree = "<group>"; };
		6BABDCAF187EF4ED00F15E8B /* callout@2x.png */ = {isa = PBXFileReference; lastKnownFileType = image.png; name = "callout@2x.png"; path = "Graphics/callout@2x.png"; sourceTree = "<group>"; };
		6BABF508183A9EB900A6988B /* Cabit.app */ = {isa = PBXFileReference; explicitFileType = wrapper.application; includeInIndex = 0; path = Cabit.app; sourceTree = BUILT_PRODUCTS_DIR; };
		6BABF50B183A9EB900A6988B /* Foundation.framework */ = {isa = PBXFileReference; lastKnownFileType = wrapper.framework; name = Foundation.framework; path = System/Library/Frameworks/Foundation.framework; sourceTree = SDKROOT; };
		6BABF50D183A9EB900A6988B /* CoreGraphics.framework */ = {isa = PBXFileReference; lastKnownFileType = wrapper.framework; name = CoreGraphics.framework; path = System/Library/Frameworks/CoreGraphics.framework; sourceTree = SDKROOT; };
		6BABF50F183A9EB900A6988B /* UIKit.framework */ = {isa = PBXFileReference; lastKnownFileType = wrapper.framework; name = UIKit.framework; path = System/Library/Frameworks/UIKit.framework; sourceTree = SDKROOT; };
		6BABF513183A9EB900A6988B /* Cabit-Info.plist */ = {isa = PBXFileReference; lastKnownFileType = text.plist.xml; path = "Cabit-Info.plist"; sourceTree = "<group>"; };
		6BABF515183A9EB900A6988B /* en */ = {isa = PBXFileReference; lastKnownFileType = text.plist.strings; name = en; path = en.lproj/InfoPlist.strings; sourceTree = "<group>"; };
		6BABF517183A9EB900A6988B /* main.m */ = {isa = PBXFileReference; lastKnownFileType = sourcecode.c.objc; path = main.m; sourceTree = "<group>"; };
		6BABF519183A9EB900A6988B /* Cabit-Prefix.pch */ = {isa = PBXFileReference; lastKnownFileType = sourcecode.c.h; path = "Cabit-Prefix.pch"; sourceTree = "<group>"; };
		6BABF51A183A9EB900A6988B /* AppDelegate.h */ = {isa = PBXFileReference; lastKnownFileType = sourcecode.c.h; path = AppDelegate.h; sourceTree = "<group>"; };
		6BABF51B183A9EB900A6988B /* AppDelegate.m */ = {isa = PBXFileReference; lastKnownFileType = sourcecode.c.objc; path = AppDelegate.m; sourceTree = "<group>"; };
		6BABF51E183A9EB900A6988B /* Base */ = {isa = PBXFileReference; lastKnownFileType = file.storyboard; name = Base; path = Base.lproj/Main.storyboard; sourceTree = "<group>"; };
		6BABF520183A9EB900A6988B /* ViewController.h */ = {isa = PBXFileReference; lastKnownFileType = sourcecode.c.h; path = ViewController.h; sourceTree = "<group>"; };
		6BABF521183A9EB900A6988B /* ViewController.m */ = {isa = PBXFileReference; lastKnownFileType = sourcecode.c.objc; path = ViewController.m; sourceTree = "<group>"; };
		6BABF523183A9EB900A6988B /* Images.xcassets */ = {isa = PBXFileReference; lastKnownFileType = folder.assetcatalog; path = Images.xcassets; sourceTree = "<group>"; };
		6BABF529183A9EB900A6988B /* CabitTests.xctest */ = {isa = PBXFileReference; explicitFileType = wrapper.cfbundle; includeInIndex = 0; path = CabitTests.xctest; sourceTree = BUILT_PRODUCTS_DIR; };
		6BABF52A183A9EB900A6988B /* XCTest.framework */ = {isa = PBXFileReference; lastKnownFileType = wrapper.framework; name = XCTest.framework; path = Library/Frameworks/XCTest.framework; sourceTree = DEVELOPER_DIR; };
		6BABF532183A9EB900A6988B /* CabitTests-Info.plist */ = {isa = PBXFileReference; lastKnownFileType = text.plist.xml; path = "CabitTests-Info.plist"; sourceTree = "<group>"; };
		6BABF534183A9EB900A6988B /* en */ = {isa = PBXFileReference; lastKnownFileType = text.plist.strings; name = en; path = en.lproj/InfoPlist.strings; sourceTree = "<group>"; };
		6BABF536183A9EB900A6988B /* MeetupTests.m */ = {isa = PBXFileReference; lastKnownFileType = sourcecode.c.objc; path = MeetupTests.m; sourceTree = "<group>"; };
		6BABF540183AA2BD00A6988B /* MapKit.framework */ = {isa = PBXFileReference; lastKnownFileType = wrapper.framework; name = MapKit.framework; path = System/Library/Frameworks/MapKit.framework; sourceTree = SDKROOT; };
		6BABF548183AA7A500A6988B /* Profile.png */ = {isa = PBXFileReference; lastKnownFileType = image.png; name = Profile.png; path = Graphics/Profile.png; sourceTree = "<group>"; };
		6BABF549183AA7A500A6988B /* Profile@2x.png */ = {isa = PBXFileReference; lastKnownFileType = image.png; name = "Profile@2x.png"; path = "Graphics/Profile@2x.png"; sourceTree = "<group>"; };
		6BB2DD7D183ED30900BBA9A8 /* taxiGoteborg.png */ = {isa = PBXFileReference; lastKnownFileType = image.png; name = taxiGoteborg.png; path = Graphics/taxiGoteborg.png; sourceTree = "<group>"; };
		6BB2DD7E183ED30900BBA9A8 /* taxiGoteborg@2x.png */ = {isa = PBXFileReference; lastKnownFileType = image.png; name = "taxiGoteborg@2x.png"; path = "Graphics/taxiGoteborg@2x.png"; sourceTree = "<group>"; };
		6BB2DD84183EDA5400BBA9A8 /* taxiKurir.png */ = {isa = PBXFileReference; lastKnownFileType = image.png; name = taxiKurir.png; path = Graphics/taxiKurir.png; sourceTree = "<group>"; };
		6BB2DD85183EDA5400BBA9A8 /* taxiKurir@2x.png */ = {isa = PBXFileReference; lastKnownFileType = image.png; name = "taxiKurir@2x.png"; path = "Graphics/taxiKurir@2x.png"; sourceTree = "<group>"; };
		6BB2DD881840226700BBA9A8 /* Vehicle.h */ = {isa = PBXFileReference; fileEncoding = 4; lastKnownFileType = sourcecode.c.h; name = Vehicle.h; path = Model/Vehicle.h; sourceTree = "<group>"; };
		6BB2DD891840226700BBA9A8 /* Vehicle.m */ = {isa = PBXFileReference; fileEncoding = 4; lastKnownFileType = sourcecode.c.objc; name = Vehicle.m; path = Model/Vehicle.m; sourceTree = "<group>"; };
		6BB2DD991848039000BBA9A8 /* Arrow.png */ = {isa = PBXFileReference; lastKnownFileType = image.png; name = Arrow.png; path = Graphics/Arrow.png; sourceTree = "<group>"; };
		6BB2DD9A1848039000BBA9A8 /* Arrow@2x.png */ = {isa = PBXFileReference; lastKnownFileType = image.png; name = "Arrow@2x.png"; path = "Graphics/Arrow@2x.png"; sourceTree = "<group>"; };
		6BB2DDA0184D3D8100BBA9A8 /* taxiKurirNy.png */ = {isa = PBXFileReference; lastKnownFileType = image.png; name = taxiKurirNy.png; path = Graphics/taxiKurirNy.png; sourceTree = "<group>"; };
		6BB2DDA1184D3D8100BBA9A8 /* taxiKurirNy@2x.png */ = {isa = PBXFileReference; lastKnownFileType = image.png; name = "taxiKurirNy@2x.png"; path = "Graphics/taxiKurirNy@2x.png"; sourceTree = "<group>"; };
		6BB2DDA4184D3FDC00BBA9A8 /* taxiGoteborgNy.png */ = {isa = PBXFileReference; lastKnownFileType = image.png; name = taxiGoteborgNy.png; path = Graphics/taxiGoteborgNy.png; sourceTree = "<group>"; };
		6BB2DDA5184D3FDC00BBA9A8 /* taxiGoteborgNy@2x.png */ = {isa = PBXFileReference; lastKnownFileType = image.png; name = "taxiGoteborgNy@2x.png"; path = "Graphics/taxiGoteborgNy@2x.png"; sourceTree = "<group>"; };
		6BB2DDAB184F395100BBA9A8 /* SearchPickupViewController.h */ = {isa = PBXFileReference; fileEncoding = 4; lastKnownFileType = sourcecode.c.h; path = SearchPickupViewController.h; sourceTree = "<group>"; };
		6BB2DDAC184F395100BBA9A8 /* SearchPickupViewController.m */ = {isa = PBXFileReference; fileEncoding = 4; lastKnownFileType = sourcecode.c.objc; path = SearchPickupViewController.m; sourceTree = "<group>"; };
		6BBBF3F0186F1E2300569FC0 /* SearchDestinationViewController.h */ = {isa = PBXFileReference; fileEncoding = 4; lastKnownFileType = sourcecode.c.h; path = SearchDestinationViewController.h; sourceTree = "<group>"; };
		6BBBF3F1186F1E2300569FC0 /* SearchDestinationViewController.m */ = {isa = PBXFileReference; fileEncoding = 4; lastKnownFileType = sourcecode.c.objc; path = SearchDestinationViewController.m; sourceTree = "<group>"; };
		6BF15A4F18C3811100183C52 /* SettingsViewController.h */ = {isa = PBXFileReference; fileEncoding = 4; lastKnownFileType = sourcecode.c.h; path = SettingsViewController.h; sourceTree = "<group>"; };
		6BF15A5018C3811100183C52 /* SettingsViewController.m */ = {isa = PBXFileReference; fileEncoding = 4; lastKnownFileType = sourcecode.c.objc; path = SettingsViewController.m; sourceTree = "<group>"; };
		6BF15A5218C3849900183C52 /* name.png */ = {isa = PBXFileReference; lastKnownFileType = image.png; name = name.png; path = Graphics/name.png; sourceTree = "<group>"; };
		6BF15A5318C3849900183C52 /* name@2x.png */ = {isa = PBXFileReference; lastKnownFileType = image.png; name = "name@2x.png"; path = "Graphics/name@2x.png"; sourceTree = "<group>"; };
		6BF15A5618C3868400183C52 /* phone.png */ = {isa = PBXFileReference; lastKnownFileType = image.png; name = phone.png; path = Graphics/phone.png; sourceTree = "<group>"; };
		6BF15A5718C3868400183C52 /* phone@2x.png */ = {isa = PBXFileReference; lastKnownFileType = image.png; name = "phone@2x.png"; path = "Graphics/phone@2x.png"; sourceTree = "<group>"; };
		9ACBD26CE1B64C9E9325F5DD /* libPods.a */ = {isa = PBXFileReference; explicitFileType = archive.ar; includeInIndex = 0; path = libPods.a; sourceTree = BUILT_PRODUCTS_DIR; };
		DCA2434ED27C46CAAF88BE54 /* Pods.xcconfig */ = {isa = PBXFileReference; includeInIndex = 1; lastKnownFileType = text.xcconfig; name = Pods.xcconfig; path = Pods/Pods.xcconfig; sourceTree = "<group>"; };
/* End PBXFileReference section */

/* Begin PBXFrameworksBuildPhase section */
		6BABF505183A9EB900A6988B /* Frameworks */ = {
			isa = PBXFrameworksBuildPhase;
			buildActionMask = 2147483647;
			files = (
				6BA6135818AE471500B61A6E /* QuartzCore.framework in Frameworks */,
				6BABF541183AA2BD00A6988B /* MapKit.framework in Frameworks */,
				6BABF50E183A9EB900A6988B /* CoreGraphics.framework in Frameworks */,
				6BABF510183A9EB900A6988B /* UIKit.framework in Frameworks */,
				6BABF50C183A9EB900A6988B /* Foundation.framework in Frameworks */,
				E70D06E6A7B44D088C73B6E1 /* libPods.a in Frameworks */,
			);
			runOnlyForDeploymentPostprocessing = 0;
		};
		6BABF526183A9EB900A6988B /* Frameworks */ = {
			isa = PBXFrameworksBuildPhase;
			buildActionMask = 2147483647;
			files = (
				6BABF52B183A9EB900A6988B /* XCTest.framework in Frameworks */,
				6BABF52D183A9EB900A6988B /* UIKit.framework in Frameworks */,
				6BABF52C183A9EB900A6988B /* Foundation.framework in Frameworks */,
			);
			runOnlyForDeploymentPostprocessing = 0;
		};
/* End PBXFrameworksBuildPhase section */

/* Begin PBXGroup section */
		6BABF4FF183A9EB900A6988B = {
			isa = PBXGroup;
			children = (
				6BABF511183A9EB900A6988B /* Cabit */,
				6BABF530183A9EB900A6988B /* CabitTests */,
				6BABF50A183A9EB900A6988B /* Frameworks */,
				6BABF509183A9EB900A6988B /* Products */,
				DCA2434ED27C46CAAF88BE54 /* Pods.xcconfig */,
			);
			sourceTree = "<group>";
		};
		6BABF509183A9EB900A6988B /* Products */ = {
			isa = PBXGroup;
			children = (
				6BABF508183A9EB900A6988B /* Cabit.app */,
				6BABF529183A9EB900A6988B /* CabitTests.xctest */,
			);
			name = Products;
			sourceTree = "<group>";
		};
		6BABF50A183A9EB900A6988B /* Frameworks */ = {
			isa = PBXGroup;
			children = (
				6BA6135718AE471500B61A6E /* QuartzCore.framework */,
				6BABF540183AA2BD00A6988B /* MapKit.framework */,
				6BABF50B183A9EB900A6988B /* Foundation.framework */,
				6BABF50D183A9EB900A6988B /* CoreGraphics.framework */,
				6BABF50F183A9EB900A6988B /* UIKit.framework */,
				6BABF52A183A9EB900A6988B /* XCTest.framework */,
				9ACBD26CE1B64C9E9325F5DD /* libPods.a */,
			);
			name = Frameworks;
			sourceTree = "<group>";
		};
		6BABF511183A9EB900A6988B /* Cabit */ = {
			isa = PBXGroup;
			children = (
				6BF15A4F18C3811100183C52 /* SettingsViewController.h */,
				6BF15A5018C3811100183C52 /* SettingsViewController.m */,
				6BABF51A183A9EB900A6988B /* AppDelegate.h */,
				6BABF51B183A9EB900A6988B /* AppDelegate.m */,
				6BB2DDAB184F395100BBA9A8 /* SearchPickupViewController.h */,
				6BB2DDAC184F395100BBA9A8 /* SearchPickupViewController.m */,
				6BABF51D183A9EB900A6988B /* Main.storyboard */,
				6BA8930418C3D0C500CA099A /* SettingsCell.h */,
				6BA8930518C3D0C500CA099A /* SettingsCell.m */,
				6BBBF3F0186F1E2300569FC0 /* SearchDestinationViewController.h */,
				6BBBF3F1186F1E2300569FC0 /* SearchDestinationViewController.m */,
				6BABF520183A9EB900A6988B /* ViewController.h */,
				6BABF521183A9EB900A6988B /* ViewController.m */,
				6B13E10618959AA7002E14BE /* ConfirmationViewController.h */,
				6B13E10718959AA7002E14BE /* ConfirmationViewController.m */,
				6BB2DD881840226700BBA9A8 /* Vehicle.h */,
				6BB2DD891840226700BBA9A8 /* Vehicle.m */,
				6BA6136018B3ED0F00B61A6E /* TaxiAnnotation.h */,
				6BA6136118B3ED0F00B61A6E /* TaxiAnnotation.m */,
				6BABF545183AA71000A6988B /* Graphics */,
				6BABF523183A9EB900A6988B /* Images.xcassets */,
				6BABF512183A9EB900A6988B /* Supporting Files */,
			);
			name = Cabit;
			path = Meetup;
			sourceTree = "<group>";
		};
		6BABF512183A9EB900A6988B /* Supporting Files */ = {
			isa = PBXGroup;
			children = (
				6BABF513183A9EB900A6988B /* Cabit-Info.plist */,
				6BABF514183A9EB900A6988B /* InfoPlist.strings */,
				6BABF517183A9EB900A6988B /* main.m */,
				6BABF519183A9EB900A6988B /* Cabit-Prefix.pch */,
			);
			name = "Supporting Files";
			sourceTree = "<group>";
		};
		6BABF530183A9EB900A6988B /* CabitTests */ = {
			isa = PBXGroup;
			children = (
				6BABF536183A9EB900A6988B /* MeetupTests.m */,
				6BABF531183A9EB900A6988B /* Supporting Files */,
			);
			name = CabitTests;
			path = MeetupTests;
			sourceTree = "<group>";
		};
		6BABF531183A9EB900A6988B /* Supporting Files */ = {
			isa = PBXGroup;
			children = (
				6BABF532183A9EB900A6988B /* CabitTests-Info.plist */,
				6BABF533183A9EB900A6988B /* InfoPlist.strings */,
			);
			name = "Supporting Files";
			sourceTree = "<group>";
		};
		6BABF545183AA71000A6988B /* Graphics */ = {
			isa = PBXGroup;
			children = (
				6BF15A5618C3868400183C52 /* phone.png */,
				6BF15A5718C3868400183C52 /* phone@2x.png */,
				6BF15A5218C3849900183C52 /* name.png */,
				6BF15A5318C3849900183C52 /* name@2x.png */,
				6BA30BE918C20100008D0BD9 /* bouncingCircle.png */,
				6BA30BEA18C20100008D0BD9 /* bouncingCircle@2x.png */,
				6BA613BD18BD720200B61A6E /* taxiAnnotation2.png */,
				6BA613BE18BD720200B61A6E /* taxiAnnotation2@2x.png */,
				6BA613B918BD1BFA00B61A6E /* time.png */,
				6BA613BA18BD1BFA00B61A6E /* time@2x.png */,
				6BA613B518BD0F4B00B61A6E /* taxiAnnotation.png */,
				6BA613B618BD0F4B00B61A6E /* taxiAnnotation@2x.png */,
				6BA6135C18AE7A4E00B61A6E /* settings.png */,
				6BA6135D18AE7A4E00B61A6E /* settings@2x.png */,
				6B13E1091895C9F7002E14BE /* logo.png */,
				6B13E10A1895C9F7002E14BE /* logo@2x.png */,
				6BABDCAE187EF4ED00F15E8B /* callout.png */,
				6BABDCAF187EF4ED00F15E8B /* callout@2x.png */,
				6BB2DDA4184D3FDC00BBA9A8 /* taxiGoteborgNy.png */,
				6BB2DDA5184D3FDC00BBA9A8 /* taxiGoteborgNy@2x.png */,
				6BB2DDA0184D3D8100BBA9A8 /* taxiKurirNy.png */,
				6BB2DDA1184D3D8100BBA9A8 /* taxiKurirNy@2x.png */,
				6BB2DD991848039000BBA9A8 /* Arrow.png */,
				6BB2DD9A1848039000BBA9A8 /* Arrow@2x.png */,
				6BB2DD84183EDA5400BBA9A8 /* taxiKurir.png */,
				6BB2DD85183EDA5400BBA9A8 /* taxiKurir@2x.png */,
				6BB2DD7D183ED30900BBA9A8 /* taxiGoteborg.png */,
				6BB2DD7E183ED30900BBA9A8 /* taxiGoteborg@2x.png */,
				6BABF548183AA7A500A6988B /* Profile.png */,
				6BABF549183AA7A500A6988B /* Profile@2x.png */,
			);
			name = Graphics;
			sourceTree = "<group>";
		};
/* End PBXGroup section */

/* Begin PBXNativeTarget section */
		6BABF507183A9EB900A6988B /* Cabit */ = {
			isa = PBXNativeTarget;
			buildConfigurationList = 6BABF53A183A9EB900A6988B /* Build configuration list for PBXNativeTarget "Cabit" */;
			buildPhases = (
				CA96DC4D78754620B3E184D5 /* Check Pods Manifest.lock */,
				6BABF504183A9EB900A6988B /* Sources */,
				6BABF505183A9EB900A6988B /* Frameworks */,
				6BABF506183A9EB900A6988B /* Resources */,
				E526508B424D442E91D70437 /* Copy Pods Resources */,
			);
			buildRules = (
			);
			dependencies = (
			);
			name = Cabit;
			productName = Meetup;
			productReference = 6BABF508183A9EB900A6988B /* Cabit.app */;
			productType = "com.apple.product-type.application";
		};
		6BABF528183A9EB900A6988B /* CabitTests */ = {
			isa = PBXNativeTarget;
			buildConfigurationList = 6BABF53D183A9EB900A6988B /* Build configuration list for PBXNativeTarget "CabitTests" */;
			buildPhases = (
				6BABF525183A9EB900A6988B /* Sources */,
				6BABF526183A9EB900A6988B /* Frameworks */,
				6BABF527183A9EB900A6988B /* Resources */,
			);
			buildRules = (
			);
			dependencies = (
				6BABF52F183A9EB900A6988B /* PBXTargetDependency */,
			);
			name = CabitTests;
			productName = MeetupTests;
			productReference = 6BABF529183A9EB900A6988B /* CabitTests.xctest */;
			productType = "com.apple.product-type.bundle.unit-test";
		};
/* End PBXNativeTarget section */

/* Begin PBXProject section */
		6BABF500183A9EB900A6988B /* Project object */ = {
			isa = PBXProject;
			attributes = {
				LastUpgradeCheck = 0500;
				ORGANIZATIONNAME = Meetup;
				TargetAttributes = {
					6BABF507183A9EB900A6988B = {
						DevelopmentTeam = 85JQFL47E9;
					};
					6BABF528183A9EB900A6988B = {
						TestTargetID = 6BABF507183A9EB900A6988B;
					};
				};
			};
			buildConfigurationList = 6BABF503183A9EB900A6988B /* Build configuration list for PBXProject "Cabit" */;
			compatibilityVersion = "Xcode 3.2";
			developmentRegion = English;
			hasScannedForEncodings = 0;
			knownRegions = (
				en,
				Base,
			);
			mainGroup = 6BABF4FF183A9EB900A6988B;
			productRefGroup = 6BABF509183A9EB900A6988B /* Products */;
			projectDirPath = "";
			projectRoot = "";
			targets = (
				6BABF507183A9EB900A6988B /* Cabit */,
				6BABF528183A9EB900A6988B /* CabitTests */,
			);
		};
/* End PBXProject section */

/* Begin PBXResourcesBuildPhase section */
		6BABF506183A9EB900A6988B /* Resources */ = {
			isa = PBXResourcesBuildPhase;
			buildActionMask = 2147483647;
			files = (
				6BB2DDA7184D3FDC00BBA9A8 /* taxiGoteborgNy@2x.png in Resources */,
				6BB2DD80183ED30900BBA9A8 /* taxiGoteborg@2x.png in Resources */,
				6BB2DD7F183ED30900BBA9A8 /* taxiGoteborg.png in Resources */,
				6BABF54B183AA7A500A6988B /* Profile@2x.png in Resources */,
				6BF15A5518C3849900183C52 /* name@2x.png in Resources */,
				6BABDCB0187EF4ED00F15E8B /* callout.png in Resources */,
				6B13E10C1895C9F7002E14BE /* logo@2x.png in Resources */,
				6BB2DDA6184D3FDC00BBA9A8 /* taxiGoteborgNy.png in Resources */,
				6BB2DD86183EDA5400BBA9A8 /* taxiKurir.png in Resources */,
				6BB2DDA3184D3D8100BBA9A8 /* taxiKurirNy@2x.png in Resources */,
				6BB2DDA2184D3D8100BBA9A8 /* taxiKurirNy.png in Resources */,
				6BABDCB1187EF4ED00F15E8B /* callout@2x.png in Resources */,
				6BA613BC18BD1BFA00B61A6E /* time@2x.png in Resources */,
				6BA613BF18BD720200B61A6E /* taxiAnnotation2.png in Resources */,
				6BA613BB18BD1BFA00B61A6E /* time.png in Resources */,
				6BA613B818BD0F4C00B61A6E /* taxiAnnotation@2x.png in Resources */,
				6BA6135F18AE7A4E00B61A6E /* settings@2x.png in Resources */,
				6BB2DD9C1848039000BBA9A8 /* Arrow@2x.png in Resources */,
				6BABF524183A9EB900A6988B /* Images.xcassets in Resources */,
				6B13E10B1895C9F7002E14BE /* logo.png in Resources */,
				6BA613B718BD0F4C00B61A6E /* taxiAnnotation.png in Resources */,
				6BB2DD9B1848039000BBA9A8 /* Arrow.png in Resources */,
				6BF15A5818C3868400183C52 /* phone.png in Resources */,
				6BA6135E18AE7A4E00B61A6E /* settings.png in Resources */,
				6BA613C018BD720200B61A6E /* taxiAnnotation2@2x.png in Resources */,
				6BABF516183A9EB900A6988B /* InfoPlist.strings in Resources */,
				6BA30BEC18C20100008D0BD9 /* bouncingCircle@2x.png in Resources */,
				6BB2DD87183EDA5400BBA9A8 /* taxiKurir@2x.png in Resources */,
				6BF15A5418C3849900183C52 /* name.png in Resources */,
				6BABF51F183A9EB900A6988B /* Main.storyboard in Resources */,
				6BA30BEB18C20100008D0BD9 /* bouncingCircle.png in Resources */,
				6BABF54A183AA7A500A6988B /* Profile.png in Resources */,
				6BF15A5918C3868400183C52 /* phone@2x.png in Resources */,
			);
			runOnlyForDeploymentPostprocessing = 0;
		};
		6BABF527183A9EB900A6988B /* Resources */ = {
			isa = PBXResourcesBuildPhase;
			buildActionMask = 2147483647;
			files = (
				6BABF535183A9EB900A6988B /* InfoPlist.strings in Resources */,
			);
			runOnlyForDeploymentPostprocessing = 0;
		};
/* End PBXResourcesBuildPhase section */

/* Begin PBXShellScriptBuildPhase section */
		CA96DC4D78754620B3E184D5 /* Check Pods Manifest.lock */ = {
			isa = PBXShellScriptBuildPhase;
			buildActionMask = 2147483647;
			files = (
			);
			inputPaths = (
			);
			name = "Check Pods Manifest.lock";
			outputPaths = (
			);
			runOnlyForDeploymentPostprocessing = 0;
			shellPath = /bin/sh;
			shellScript = "diff \"${PODS_ROOT}/../Podfile.lock\" \"${PODS_ROOT}/Manifest.lock\" > /dev/null\nif [[ $? != 0 ]] ; then\n    cat << EOM\nerror: The sandbox is not in sync with the Podfile.lock. Run 'pod install' or update your CocoaPods installation.\nEOM\n    exit 1\nfi\n";
			showEnvVarsInLog = 0;
		};
		E526508B424D442E91D70437 /* Copy Pods Resources */ = {
			isa = PBXShellScriptBuildPhase;
			buildActionMask = 2147483647;
			files = (
			);
			inputPaths = (
			);
			name = "Copy Pods Resources";
			outputPaths = (
			);
			runOnlyForDeploymentPostprocessing = 0;
			shellPath = /bin/sh;
			shellScript = "\"${SRCROOT}/Pods/Pods-resources.sh\"\n";
			showEnvVarsInLog = 0;
		};
/* End PBXShellScriptBuildPhase section */

/* Begin PBXSourcesBuildPhase section */
		6BABF504183A9EB900A6988B /* Sources */ = {
			isa = PBXSourcesBuildPhase;
			buildActionMask = 2147483647;
			files = (
				6B13E10818959AA7002E14BE /* ConfirmationViewController.m in Sources */,
				6BBBF3F2186F1E2300569FC0 /* SearchDestinationViewController.m in Sources */,
				6BABF522183A9EB900A6988B /* ViewController.m in Sources */,
				6BF15A5118C3811100183C52 /* SettingsViewController.m in Sources */,
				6BA8930618C3D0C500CA099A /* SettingsCell.m in Sources */,
				6BB2DDAD184F395100BBA9A8 /* SearchPickupViewController.m in Sources */,
				6BABF51C183A9EB900A6988B /* AppDelegate.m in Sources */,
				6BABF518183A9EB900A6988B /* main.m in Sources */,
				6BA6136218B3ED0F00B61A6E /* TaxiAnnotation.m in Sources */,
				6BB2DD8A1840226700BBA9A8 /* Vehicle.m in Sources */,
			);
			runOnlyForDeploymentPostprocessing = 0;
		};
		6BABF525183A9EB900A6988B /* Sources */ = {
			isa = PBXSourcesBuildPhase;
			buildActionMask = 2147483647;
			files = (
				6BABF537183A9EB900A6988B /* MeetupTests.m in Sources */,
			);
			runOnlyForDeploymentPostprocessing = 0;
		};
/* End PBXSourcesBuildPhase section */

/* Begin PBXTargetDependency section */
		6BABF52F183A9EB900A6988B /* PBXTargetDependency */ = {
			isa = PBXTargetDependency;
			target = 6BABF507183A9EB900A6988B /* Cabit */;
			targetProxy = 6BABF52E183A9EB900A6988B /* PBXContainerItemProxy */;
		};
/* End PBXTargetDependency section */

/* Begin PBXVariantGroup section */
		6BABF514183A9EB900A6988B /* InfoPlist.strings */ = {
			isa = PBXVariantGroup;
			children = (
				6BABF515183A9EB900A6988B /* en */,
			);
			name = InfoPlist.strings;
			sourceTree = "<group>";
		};
		6BABF51D183A9EB900A6988B /* Main.storyboard */ = {
			isa = PBXVariantGroup;
			children = (
				6BABF51E183A9EB900A6988B /* Base */,
			);
			name = Main.storyboard;
			sourceTree = "<group>";
		};
		6BABF533183A9EB900A6988B /* InfoPlist.strings */ = {
			isa = PBXVariantGroup;
			children = (
				6BABF534183A9EB900A6988B /* en */,
			);
			name = InfoPlist.strings;
			sourceTree = "<group>";
		};
/* End PBXVariantGroup section */

/* Begin XCBuildConfiguration section */
		6BABF538183A9EB900A6988B /* Debug */ = {
			isa = XCBuildConfiguration;
			buildSettings = {
				ALWAYS_SEARCH_USER_PATHS = NO;
				ARCHS = "$(ARCHS_STANDARD_INCLUDING_64_BIT)";
				CLANG_CXX_LANGUAGE_STANDARD = "gnu++0x";
				CLANG_CXX_LIBRARY = "libc++";
				CLANG_ENABLE_MODULES = YES;
				CLANG_ENABLE_OBJC_ARC = YES;
				CLANG_WARN_BOOL_CONVERSION = YES;
				CLANG_WARN_CONSTANT_CONVERSION = YES;
				CLANG_WARN_DIRECT_OBJC_ISA_USAGE = YES_ERROR;
				CLANG_WARN_EMPTY_BODY = YES;
				CLANG_WARN_ENUM_CONVERSION = YES;
				CLANG_WARN_INT_CONVERSION = YES;
				CLANG_WARN_OBJC_ROOT_CLASS = YES_ERROR;
				CLANG_WARN__DUPLICATE_METHOD_MATCH = YES;
				"CODE_SIGN_IDENTITY[sdk=iphoneos*]" = "iPhone Developer";
				COPY_PHASE_STRIP = NO;
				GCC_C_LANGUAGE_STANDARD = gnu99;
				GCC_DYNAMIC_NO_PIC = NO;
				GCC_OPTIMIZATION_LEVEL = 0;
				GCC_PREPROCESSOR_DEFINITIONS = (
					"DEBUG=1",
					"$(inherited)",
				);
				GCC_SYMBOLS_PRIVATE_EXTERN = NO;
				GCC_WARN_64_TO_32_BIT_CONVERSION = YES;
				GCC_WARN_ABOUT_RETURN_TYPE = YES_ERROR;
				GCC_WARN_UNDECLARED_SELECTOR = YES;
				GCC_WARN_UNINITIALIZED_AUTOS = YES;
				GCC_WARN_UNUSED_FUNCTION = YES;
				GCC_WARN_UNUSED_VARIABLE = YES;
				IPHONEOS_DEPLOYMENT_TARGET = 7.0;
				ONLY_ACTIVE_ARCH = YES;
				SDKROOT = iphoneos;
			};
			name = Debug;
		};
		6BABF539183A9EB900A6988B /* Release */ = {
			isa = XCBuildConfiguration;
			buildSettings = {
				ALWAYS_SEARCH_USER_PATHS = NO;
				ARCHS = "$(ARCHS_STANDARD_INCLUDING_64_BIT)";
				CLANG_CXX_LANGUAGE_STANDARD = "gnu++0x";
				CLANG_CXX_LIBRARY = "libc++";
				CLANG_ENABLE_MODULES = YES;
				CLANG_ENABLE_OBJC_ARC = YES;
				CLANG_WARN_BOOL_CONVERSION = YES;
				CLANG_WARN_CONSTANT_CONVERSION = YES;
				CLANG_WARN_DIRECT_OBJC_ISA_USAGE = YES_ERROR;
				CLANG_WARN_EMPTY_BODY = YES;
				CLANG_WARN_ENUM_CONVERSION = YES;
				CLANG_WARN_INT_CONVERSION = YES;
				CLANG_WARN_OBJC_ROOT_CLASS = YES_ERROR;
				CLANG_WARN__DUPLICATE_METHOD_MATCH = YES;
				"CODE_SIGN_IDENTITY[sdk=iphoneos*]" = "iPhone Developer";
				COPY_PHASE_STRIP = YES;
				ENABLE_NS_ASSERTIONS = NO;
				GCC_C_LANGUAGE_STANDARD = gnu99;
				GCC_WARN_64_TO_32_BIT_CONVERSION = YES;
				GCC_WARN_ABOUT_RETURN_TYPE = YES_ERROR;
				GCC_WARN_UNDECLARED_SELECTOR = YES;
				GCC_WARN_UNINITIALIZED_AUTOS = YES;
				GCC_WARN_UNUSED_FUNCTION = YES;
				GCC_WARN_UNUSED_VARIABLE = YES;
				IPHONEOS_DEPLOYMENT_TARGET = 7.0;
				SDKROOT = iphoneos;
				VALIDATE_PRODUCT = YES;
			};
			name = Release;
		};
		6BABF53B183A9EB900A6988B /* Debug */ = {
			isa = XCBuildConfiguration;
			baseConfigurationReference = DCA2434ED27C46CAAF88BE54 /* Pods.xcconfig */;
			buildSettings = {
				ASSETCATALOG_COMPILER_APPICON_NAME = AppIcon;
				ASSETCATALOG_COMPILER_LAUNCHIMAGE_NAME = LaunchImage;
				CODE_SIGN_IDENTITY = "iPhone Developer";
				"CODE_SIGN_IDENTITY[sdk=iphoneos*]" = "iPhone Developer";
				GCC_PRECOMPILE_PREFIX_HEADER = YES;
				GCC_PREFIX_HEADER = "Meetup/Cabit-Prefix.pch";
				INFOPLIST_FILE = "Meetup/Cabit-Info.plist";
				PRODUCT_NAME = Cabit;
				PROVISIONING_PROFILE = "";
				VALID_ARCHS = "arm64 armv7 armv7s";
				WRAPPER_EXTENSION = app;
			};
			name = Debug;
		};
		6BABF53C183A9EB900A6988B /* Release */ = {
			isa = XCBuildConfiguration;
			baseConfigurationReference = DCA2434ED27C46CAAF88BE54 /* Pods.xcconfig */;
			buildSettings = {
				ASSETCATALOG_COMPILER_APPICON_NAME = AppIcon;
				ASSETCATALOG_COMPILER_LAUNCHIMAGE_NAME = LaunchImage;
				CODE_SIGN_IDENTITY = "iPhone Developer";
				"CODE_SIGN_IDENTITY[sdk=iphoneos*]" = "iPhone Developer";
				GCC_PRECOMPILE_PREFIX_HEADER = YES;
				GCC_PREFIX_HEADER = "Meetup/Cabit-Prefix.pch";
				INFOPLIST_FILE = "Meetup/Cabit-Info.plist";
				PRODUCT_NAME = Cabit;
				PROVISIONING_PROFILE = "";
				VALID_ARCHS = "arm64 armv7 armv7s";
				WRAPPER_EXTENSION = app;
			};
			name = Release;
		};
		6BABF53E183A9EB900A6988B /* Debug */ = {
			isa = XCBuildConfiguration;
			buildSettings = {
				ARCHS = "$(ARCHS_STANDARD_INCLUDING_64_BIT)";
				BUNDLE_LOADER = "$(BUILT_PRODUCTS_DIR)/Meetup.app/Meetup";
				FRAMEWORK_SEARCH_PATHS = (
					"$(SDKROOT)/Developer/Library/Frameworks",
					"$(inherited)",
					"$(DEVELOPER_FRAMEWORKS_DIR)",
				);
				GCC_PRECOMPILE_PREFIX_HEADER = YES;
				GCC_PREFIX_HEADER = "Meetup/Meetup-Prefix.pch";
				GCC_PREPROCESSOR_DEFINITIONS = (
					"DEBUG=1",
					"$(inherited)",
				);
				INFOPLIST_FILE = "MeetupTests/CabitTests-Info.plist";
				PRODUCT_NAME = CabitTests;
				TEST_HOST = "$(BUNDLE_LOADER)";
				WRAPPER_EXTENSION = xctest;
			};
			name = Debug;
		};
		6BABF53F183A9EB900A6988B /* Release */ = {
			isa = XCBuildConfiguration;
			buildSettings = {
				ARCHS = "$(ARCHS_STANDARD_INCLUDING_64_BIT)";
				BUNDLE_LOADER = "$(BUILT_PRODUCTS_DIR)/Meetup.app/Meetup";
				FRAMEWORK_SEARCH_PATHS = (
					"$(SDKROOT)/Developer/Library/Frameworks",
					"$(inherited)",
					"$(DEVELOPER_FRAMEWORKS_DIR)",
				);
				GCC_PRECOMPILE_PREFIX_HEADER = YES;
				GCC_PREFIX_HEADER = "Meetup/Meetup-Prefix.pch";
				INFOPLIST_FILE = "MeetupTests/CabitTests-Info.plist";
				PRODUCT_NAME = CabitTests;
				TEST_HOST = "$(BUNDLE_LOADER)";
				WRAPPER_EXTENSION = xctest;
			};
			name = Release;
		};
/* End XCBuildConfiguration section */

/* Begin XCConfigurationList section */
		6BABF503183A9EB900A6988B /* Build configuration list for PBXProject "Cabit" */ = {
			isa = XCConfigurationList;
			buildConfigurations = (
				6BABF538183A9EB900A6988B /* Debug */,
				6BABF539183A9EB900A6988B /* Release */,
			);
			defaultConfigurationIsVisible = 0;
			defaultConfigurationName = Release;
		};
		6BABF53A183A9EB900A6988B /* Build configuration list for PBXNativeTarget "Cabit" */ = {
			isa = XCConfigurationList;
			buildConfigurations = (
				6BABF53B183A9EB900A6988B /* Debug */,
				6BABF53C183A9EB900A6988B /* Release */,
			);
			defaultConfigurationIsVisible = 0;
			defaultConfigurationName = Release;
		};
		6BABF53D183A9EB900A6988B /* Build configuration list for PBXNativeTarget "CabitTests" */ = {
			isa = XCConfigurationList;
			buildConfigurations = (
				6BABF53E183A9EB900A6988B /* Debug */,
				6BABF53F183A9EB900A6988B /* Release */,
			);
			defaultConfigurationIsVisible = 0;
			defaultConfigurationName = Release;
		};
/* End XCConfigurationList section */
	};
	rootObject = 6BABF500183A9EB900A6988B /* Project object */;
}
